
Microsoft Visual Studio Solution File, Format Version 12.00
# Visual Studio 15
VisualStudioVersion = 15.0.28010.2041
MinimumVisualStudioVersion = 10.0.40219.1
Project("{FAE04EC0-301F-11D3-BF4B-00C04F79EFBC}") = "pindogramApp", "pindogramApp\pindogramApp.csproj", "{AB1963C9-FBCA-4212-A021-C404DAAAAD66}"
EndProject
Global
	GlobalSection(SolutionConfigurationPlatforms) = preSolution
		Debug|Any CPU = Debug|Any CPU
		Release|Any CPU = Release|Any CPU
	EndGlobalSection
	GlobalSection(ProjectConfigurationPlatforms) = postSolution
		{AB1963C9-FBCA-4212-A021-C404DAAAAD66}.Debug|Any CPU.ActiveCfg = Debug|Any CPU
		{AB1963C9-FBCA-4212-A021-C404DAAAAD66}.Debug|Any CPU.Build.0 = Debug|Any CPU
		{AB1963C9-FBCA-4212-A021-C404DAAAAD66}.Release|Any CPU.ActiveCfg = Release|Any CPU
		{AB1963C9-FBCA-4212-A021-C404DAAAAD66}.Release|Any CPU.Build.0 = Release|Any CPU
	EndGlobalSection
	GlobalSection(SolutionProperties) = preSolution
		HideSolutionNode = FALSE
	EndGlobalSection
	GlobalSection(ExtensibilityGlobals) = postSolution
		SolutionGuid = {455EA966-94C4-4EA4-AE31-F3D29674698A}
	EndGlobalSection
EndGlobal
